
Microsoft Visual Studio Solution File, Format Version 12.00
# Visual Studio Version 17
VisualStudioVersion = 17.14.36408.4
MinimumVisualStudioVersion = 10.0.40219.1
Project("{FAE04EC0-301F-11D3-BF4B-00C04F79EFBC}") = "Sum-REST", "Sum-REST\Sum-REST.csproj", "{213A1382-F3F1-496E-8B47-0DFE324D09D2}"
EndProject
Project("{FAE04EC0-301F-11D3-BF4B-00C04F79EFBC}") = "Sum-gRPC", "Sum-gRPC\Sum-gRPC.csproj", "{3A77DF17-DE40-4819-AE46-CC057AC27E4B}"
EndProject
Project("{2150E333-8FDC-42A3-9474-1A3956D46DE8}") = "Solution Items", "Solution Items", "{8EC462FD-D22E-90A8-E5CE-7E832BA40C5D}"
	ProjectSection(SolutionItems) = preProject
		.gitignore = .gitignore
		docker-compose.yml = docker-compose.yml
	EndProjectSection
EndProject
Project("{2150E333-8FDC-42A3-9474-1A3956D46DE8}") = "observability", "observability", "{02EA681E-C7D8-13C7-8484-4AC65E1B71E8}"
EndProject
Project("{2150E333-8FDC-42A3-9474-1A3956D46DE8}") = "grafana", "grafana", "{0B03186A-B731-432A-BBA3-920C96F9809C}"
EndProject
Project("{2150E333-8FDC-42A3-9474-1A3956D46DE8}") = "provisioning", "provisioning", "{05A5F8BE-1754-46D2-9B0C-6EC51BF7C394}"
EndProject
Project("{2150E333-8FDC-42A3-9474-1A3956D46DE8}") = "dashboard-definitions", "dashboard-definitions", "{F1BB1573-D98F-4F0E-8173-3A3F4AED2819}"
	ProjectSection(SolutionItems) = preProject
		sum-flow-dashboard.json = sum-flow-dashboard.json
	EndProjectSection
EndProject
Project("{2150E333-8FDC-42A3-9474-1A3956D46DE8}") = "dashboards", "dashboards", "{865F2A9B-80D9-4952-86A5-CFA5C8F91F2F}"
	ProjectSection(SolutionItems) = preProject
		dashboards.yml = dashboards.yml
	EndProjectSection
EndProject
Global
	GlobalSection(SolutionConfigurationPlatforms) = preSolution
		Debug|Any CPU = Debug|Any CPU
		Release|Any CPU = Release|Any CPU
	EndGlobalSection
	GlobalSection(ProjectConfigurationPlatforms) = postSolution
		{213A1382-F3F1-496E-8B47-0DFE324D09D2}.Debug|Any CPU.ActiveCfg = Debug|Any CPU
		{213A1382-F3F1-496E-8B47-0DFE324D09D2}.Debug|Any CPU.Build.0 = Debug|Any CPU
		{213A1382-F3F1-496E-8B47-0DFE324D09D2}.Release|Any CPU.ActiveCfg = Release|Any CPU
		{213A1382-F3F1-496E-8B47-0DFE324D09D2}.Release|Any CPU.Build.0 = Release|Any CPU
		{3A77DF17-DE40-4819-AE46-CC057AC27E4B}.Debug|Any CPU.ActiveCfg = Debug|Any CPU
		{3A77DF17-DE40-4819-AE46-CC057AC27E4B}.Debug|Any CPU.Build.0 = Debug|Any CPU
		{3A77DF17-DE40-4819-AE46-CC057AC27E4B}.Release|Any CPU.ActiveCfg = Release|Any CPU
		{3A77DF17-DE40-4819-AE46-CC057AC27E4B}.Release|Any CPU.Build.0 = Release|Any CPU
	EndGlobalSection
	GlobalSection(SolutionProperties) = preSolution
		HideSolutionNode = FALSE
	EndGlobalSection
	GlobalSection(NestedProjects) = preSolution
		{02EA681E-C7D8-13C7-8484-4AC65E1B71E8} = {8EC462FD-D22E-90A8-E5CE-7E832BA40C5D}
		{0B03186A-B731-432A-BBA3-920C96F9809C} = {02EA681E-C7D8-13C7-8484-4AC65E1B71E8}
		{05A5F8BE-1754-46D2-9B0C-6EC51BF7C394} = {0B03186A-B731-432A-BBA3-920C96F9809C}
		{F1BB1573-D98F-4F0E-8173-3A3F4AED2819} = {0B03186A-B731-432A-BBA3-920C96F9809C}
		{865F2A9B-80D9-4952-86A5-CFA5C8F91F2F} = {05A5F8BE-1754-46D2-9B0C-6EC51BF7C394}
	EndGlobalSection
	GlobalSection(ExtensibilityGlobals) = postSolution
		SolutionGuid = {FA51C575-EC1D-419A-A3A2-C9E5610960E9}
	EndGlobalSection
EndGlobal
